
Microsoft Visual Studio Solution File, Format Version 12.00
# Visual Studio Version 16
VisualStudioVersion = 16.0.31112.23
MinimumVisualStudioVersion = 10.0.40219.1
Project("{FAE04EC0-301F-11D3-BF4B-00C04F79EFBC}") = "CoWIN Slot Availability App", "CoWIN Slot Availability App.csproj", "{A008FCB4-079E-4B15-B6F6-EAD1A50FB0E2}"
EndProject
Global
	GlobalSection(SolutionConfigurationPlatforms) = preSolution
		Debug|Any CPU = Debug|Any CPU
		Release|Any CPU = Release|Any CPU
	EndGlobalSection
	GlobalSection(ProjectConfigurationPlatforms) = postSolution
		{A008FCB4-079E-4B15-B6F6-EAD1A50FB0E2}.Debug|Any CPU.ActiveCfg = Debug|Any CPU
		{A008FCB4-079E-4B15-B6F6-EAD1A50FB0E2}.Debug|Any CPU.Build.0 = Debug|Any CPU
		{A008FCB4-079E-4B15-B6F6-EAD1A50FB0E2}.Release|Any CPU.ActiveCfg = Release|Any CPU
		{A008FCB4-079E-4B15-B6F6-EAD1A50FB0E2}.Release|Any CPU.Build.0 = Release|Any CPU
	EndGlobalSection
	GlobalSection(SolutionProperties) = preSolution
		HideSolutionNode = FALSE
	EndGlobalSection
	GlobalSection(ExtensibilityGlobals) = postSolution
		SolutionGuid = {0D50A8A7-2406-420C-8663-0A641F3198E2}
	EndGlobalSection
EndGlobal
